github.com/BurntSushi/toml v0.3.1 h1:WXkYYl6Yr3qBf1K79EBnL4mak0OimBfB0XUf9Vl28OQ=
github.com/BurntSushi/toml v0.3.1/go.mod h1:xHWCNGjB5oqiDr8zfno3MHue2Ht5sIBksp03qcyfWMU=
github.com/bitly/go-hostpool v0.0.0-20130417212715-58b95b10d6ca h1:gG/OZtugfLmNHDQzkVt4iq4utlpYtimKmFMcCdbRqZk=
github.com/bitly/go-hostpool v0.0.0-20130417212715-58b95b10d6ca/go.mod h1:NOuUCSz6Q9T7+igc/hlvDOUdtWKryOrtFyIVABv/p7k=
github.com/bitly/timer_metrics v0.0.0-20150203034119-afad1794bb13 h1:5LHaTcziKR0jawDrvCMA5mtytTPe9+B6aaPzAceEs14=
github.com/bitly/timer_metrics v0.0.0-20150203034119-afad1794bb13/go.mod h1:EJqiy/5FjJk5tEOxXhnxvFijOmeB5ka1D2fvqHOXUXA=
github.com/blang/semver v2.1.0+incompatible h1:TtbN5kU/oDXfHg4iuCEQ+vUTdr8ED02yUWG0f5VPVs8=
github.com/blang/semver v2.1.0+incompatible/go.mod h1:kRBLl5iJ+tD4TcOOxsy/0fnwebNt5EWlYSAyrTnjyyk=
github.com/bmizerany/assert v0.0.0-20160611221934-b7ed37b82869 h1:DDGfHa7BWjL4YnC6+E63dPcxHo2sUxDIu8g3QgEJdRY=
github.com/bmizerany/assert v0.0.0-20160611221934-b7ed37b82869/go.mod h1:Ekp36dRnpXw/yCqJaO+ZrUyxD+3VXMFFr56k5XYrpB4=
github.com/bmizerany/perks v0.0.0-20141205001514-d9a9656a3a4b h1:AP/Y7sqYicnjGDfD5VcY4CIfh1hRXBUavxrvELjTiOE=
github.com/bmizerany/perks v0.0.0-20141205001514-d9a9656a3a4b/go.mod h1:ac9efd0D1fsDb3EJvhqgXRbFx7bs2wqZ10HQPeU8U/Q=
github.com/golang/snappy v0.0.0-20160529050041-d9eb7a3d35ec h1:ZaSUjYC8aWT/om43c8YVz0SqjT8ABtqw7REbZGsCroE=
github.com/golang/snappy v0.0.0-20160529050041-d9eb7a3d35ec/go.mod h1:/XxbfmMg8lxefKM7IXC3fBNl/7bRcc72aCRzEWrmP2Q=
github.com/judwhite/go-svc v1.1.2 h1:wKroC8SKFs2EmtoS3XVmZinnRtGmu9qVrjubFp8talY=
github.com/judwhite/go-svc v1.1.2/go.mod h1:EeMSAFO3mLgEQfcvnZ50JDG0O1uQlagpAbMS6talrXE=
github.com/julienschmidt/httprouter v1.1.1-0.20150708215400-6aacfd5ab513 h1:wwfbioHElhBZFvC8HQBHdeZGnxXkX9VqfBsRChp4YwA=
github.com/julienschmidt/httprouter v1.1.1-0.20150708215400-6aacfd5ab513/go.mod h1:SYymIcj16QtmaHHD7aYtjjsJG7VTCxuUUipMqKk8s4w=
github.com/kr/pretty v0.2.1 h1:Fmg33tUaq4/8ym9TJN1x7sLJnHVwhP33CNkpYV/7rwI=
github.com/kr/pretty v0.2.1/go.mod h1:ipq/a2n7PKx3OHsz4KJII5eveXtPO4qwEXGdVfWzfnI=
github.com/kr/pty v1.1.1/go.mod h1:pFQYn66WHrOpPYNljwOMqo10TkYh1fy3cYio2l3bCsQ=
github.com/kr/text v0.1.0 h1:45sCR5RtlFHMR4UwH9sdQ5TC8v0qDQCHnXt+kaKSTVE=
github.com/kr/text v0.1.0/go.mod h1:4Jbv+DJW3UT/LiOwJeYQe1efqtUx/iVham/4vfdArNI=
github.com/mreiferson/go-options v0.0.0-20161229190002-77551d20752b h1:xjKomx939vefURtocD1uaKvcvAp1dNYX05i0TIpnfVI=
github.com/mreiferson/go-options v0.0.0-20161229190002-77551d20752b/go.mod h1:A0JOgZNsj9V+npbgxH0Ib75PvrHS6Ezri/4HdcTp/DI=
github.com/nsqio/go-diskqueue v0.0.0-20170111041520-d7805f889b02 h1:R2jOu1KSba2lNe7f93YZwdeET8FE/+J+r9i463Wni2Y=
github.com/nsqio/go-diskqueue v0.0.0-20170111041520-d7805f889b02/go.mod h1:AYinRDfdKMmVKTPI8wOcLgjcw2pTS3jo8fib1VxOzsE=
github.com/nsqio/go-nsq v1.0.7-0.20161229185821-a53d495e8142 h1:fEk4L2ckVUyufxlu8/1yyi7bFBNw4rdPr7XsSWbZ7BY=
github.com/nsqio/go-nsq v1.0.7-0.20161229185821-a53d495e8142/go.mod h1:XP5zaUs3pqf+Q71EqUJs3HYfBIqfK6G83WQMdNN+Ito=
golang.org/x/sys v0.0.0-20201106081118-db71ae66460a h1:ALUFBKlIyeY7y5ZgPJmblk/vKz+zBQSnNiPkt41sgeg=
golang.org/x/sys v0.0.0-20201106081118-db71ae66460a/go.mod h1:h1NjWce9XRLGQEsW7wpKNCjG9DtNlClVuFLEZdDNbEs=
